
Microsoft Visual Studio Solution File, Format Version 12.00
Project("{FAE04EC0-301F-11D3-BF4B-00C04F79EFBC}") = "day1", "day1\day1.csproj", "{B17E34A1-E088-430C-93AC-A9B29CFFB58B}"
EndProject
Project("{FAE04EC0-301F-11D3-BF4B-00C04F79EFBC}") = "day2", "day2\day2.csproj", "{82D7D5E2-C229-4278-9ECD-CF19FB6A7D6B}"
EndProject
Project("{FAE04EC0-301F-11D3-BF4B-00C04F79EFBC}") = "day3", "day3\day3.csproj", "{1F603705-9EE7-4BF8-81CE-4849E7A2935D}"
EndProject
Project("{FAE04EC0-301F-11D3-BF4B-00C04F79EFBC}") = "day4", "day4\day4.csproj", "{9BA99D19-3BBF-4118-B2D6-75AE0A97A99B}"
EndProject
Project("{FAE04EC0-301F-11D3-BF4B-00C04F79EFBC}") = "day5", "day5\day5.csproj", "{0A8855AE-826D-465D-A2CE-BBA96E244581}"
EndProject
Project("{FAE04EC0-301F-11D3-BF4B-00C04F79EFBC}") = "day6", "day6\day6.csproj", "{C97955C0-B4CE-4E3A-8B41-7374A1479106}"
EndProject
Project("{FAE04EC0-301F-11D3-BF4B-00C04F79EFBC}") = "day7", "day7\day7.csproj", "{1883EC99-FFC1-4EB3-9F86-3BA9268653DA}"
EndProject
Global
	GlobalSection(SolutionConfigurationPlatforms) = preSolution
		Debug|Any CPU = Debug|Any CPU
		Release|Any CPU = Release|Any CPU
	EndGlobalSection
	GlobalSection(ProjectConfigurationPlatforms) = postSolution
		{B17E34A1-E088-430C-93AC-A9B29CFFB58B}.Debug|Any CPU.ActiveCfg = Debug|Any CPU
		{B17E34A1-E088-430C-93AC-A9B29CFFB58B}.Debug|Any CPU.Build.0 = Debug|Any CPU
		{B17E34A1-E088-430C-93AC-A9B29CFFB58B}.Release|Any CPU.ActiveCfg = Release|Any CPU
		{B17E34A1-E088-430C-93AC-A9B29CFFB58B}.Release|Any CPU.Build.0 = Release|Any CPU
		{82D7D5E2-C229-4278-9ECD-CF19FB6A7D6B}.Debug|Any CPU.ActiveCfg = Debug|Any CPU
		{82D7D5E2-C229-4278-9ECD-CF19FB6A7D6B}.Debug|Any CPU.Build.0 = Debug|Any CPU
		{82D7D5E2-C229-4278-9ECD-CF19FB6A7D6B}.Release|Any CPU.ActiveCfg = Release|Any CPU
		{82D7D5E2-C229-4278-9ECD-CF19FB6A7D6B}.Release|Any CPU.Build.0 = Release|Any CPU
		{1F603705-9EE7-4BF8-81CE-4849E7A2935D}.Debug|Any CPU.ActiveCfg = Debug|Any CPU
		{1F603705-9EE7-4BF8-81CE-4849E7A2935D}.Debug|Any CPU.Build.0 = Debug|Any CPU
		{1F603705-9EE7-4BF8-81CE-4849E7A2935D}.Release|Any CPU.ActiveCfg = Release|Any CPU
		{1F603705-9EE7-4BF8-81CE-4849E7A2935D}.Release|Any CPU.Build.0 = Release|Any CPU
		{9BA99D19-3BBF-4118-B2D6-75AE0A97A99B}.Debug|Any CPU.ActiveCfg = Debug|Any CPU
		{9BA99D19-3BBF-4118-B2D6-75AE0A97A99B}.Debug|Any CPU.Build.0 = Debug|Any CPU
		{9BA99D19-3BBF-4118-B2D6-75AE0A97A99B}.Release|Any CPU.ActiveCfg = Release|Any CPU
		{9BA99D19-3BBF-4118-B2D6-75AE0A97A99B}.Release|Any CPU.Build.0 = Release|Any CPU
		{0A8855AE-826D-465D-A2CE-BBA96E244581}.Debug|Any CPU.ActiveCfg = Debug|Any CPU
		{0A8855AE-826D-465D-A2CE-BBA96E244581}.Debug|Any CPU.Build.0 = Debug|Any CPU
		{0A8855AE-826D-465D-A2CE-BBA96E244581}.Release|Any CPU.ActiveCfg = Release|Any CPU
		{0A8855AE-826D-465D-A2CE-BBA96E244581}.Release|Any CPU.Build.0 = Release|Any CPU
		{C97955C0-B4CE-4E3A-8B41-7374A1479106}.Debug|Any CPU.ActiveCfg = Debug|Any CPU
		{C97955C0-B4CE-4E3A-8B41-7374A1479106}.Debug|Any CPU.Build.0 = Debug|Any CPU
		{C97955C0-B4CE-4E3A-8B41-7374A1479106}.Release|Any CPU.ActiveCfg = Release|Any CPU
		{C97955C0-B4CE-4E3A-8B41-7374A1479106}.Release|Any CPU.Build.0 = Release|Any CPU
		{1883EC99-FFC1-4EB3-9F86-3BA9268653DA}.Debug|Any CPU.ActiveCfg = Debug|Any CPU
		{1883EC99-FFC1-4EB3-9F86-3BA9268653DA}.Debug|Any CPU.Build.0 = Debug|Any CPU
		{1883EC99-FFC1-4EB3-9F86-3BA9268653DA}.Release|Any CPU.ActiveCfg = Release|Any CPU
		{1883EC99-FFC1-4EB3-9F86-3BA9268653DA}.Release|Any CPU.Build.0 = Release|Any CPU
	EndGlobalSection
EndGlobal
