
Microsoft Visual Studio Solution File, Format Version 12.00
Project("{FAE04EC0-301F-11D3-BF4B-00C04F79EFBC}") = "day1", "day1\day1.csproj", "{B17E34A1-E088-430C-93AC-A9B29CFFB58B}"
EndProject
Project("{FAE04EC0-301F-11D3-BF4B-00C04F79EFBC}") = "day2", "day2\day2.csproj", "{82D7D5E2-C229-4278-9ECD-CF19FB6A7D6B}"
EndProject
Project("{FAE04EC0-301F-11D3-BF4B-00C04F79EFBC}") = "day3", "day3\day3.csproj", "{1F603705-9EE7-4BF8-81CE-4849E7A2935D}"
EndProject
Project("{FAE04EC0-301F-11D3-BF4B-00C04F79EFBC}") = "day4", "day4\day4.csproj", "{9BA99D19-3BBF-4118-B2D6-75AE0A97A99B}"
EndProject
Project("{FAE04EC0-301F-11D3-BF4B-00C04F79EFBC}") = "day5", "day5\day5.csproj", "{0A8855AE-826D-465D-A2CE-BBA96E244581}"
EndProject
Project("{FAE04EC0-301F-11D3-BF4B-00C04F79EFBC}") = "day6", "day6\day6.csproj", "{C97955C0-B4CE-4E3A-8B41-7374A1479106}"
EndProject
Project("{FAE04EC0-301F-11D3-BF4B-00C04F79EFBC}") = "day7", "day7\day7.csproj", "{1883EC99-FFC1-4EB3-9F86-3BA9268653DA}"
EndProject
Project("{FAE04EC0-301F-11D3-BF4B-00C04F79EFBC}") = "day8", "day8\day8.csproj", "{EE8A320B-4D0D-4D83-BB73-30C22D68BF48}"
EndProject
Project("{FAE04EC0-301F-11D3-BF4B-00C04F79EFBC}") = "day9", "day9\day9.csproj", "{5B9163C9-5959-4B48-A322-3F14449E73E7}"
EndProject
Project("{FAE04EC0-301F-11D3-BF4B-00C04F79EFBC}") = "day10", "day10\day10.csproj", "{824335BB-1C45-4A97-AB35-53B9ECB0A905}"
EndProject
Project("{FAE04EC0-301F-11D3-BF4B-00C04F79EFBC}") = "day11", "day11\day11.csproj", "{9354108B-81FC-4F1E-BFB9-D1CC0ED76A1E}"
EndProject
Project("{FAE04EC0-301F-11D3-BF4B-00C04F79EFBC}") = "day12", "day12\day12.csproj", "{529232B1-0632-44F3-8B69-4EFA1F01806D}"
EndProject
Project("{FAE04EC0-301F-11D3-BF4B-00C04F79EFBC}") = "day13", "day13\day13.csproj", "{F0425300-2AE2-4F22-B8B8-E2E9FDAD8F37}"
EndProject
Project("{FAE04EC0-301F-11D3-BF4B-00C04F79EFBC}") = "day14", "day14\day14.csproj", "{8622C5D2-F36A-48F1-B784-8EBD8D8365AE}"
EndProject
Global
	GlobalSection(SolutionConfigurationPlatforms) = preSolution
		Debug|Any CPU = Debug|Any CPU
		Release|Any CPU = Release|Any CPU
	EndGlobalSection
	GlobalSection(ProjectConfigurationPlatforms) = postSolution
		{B17E34A1-E088-430C-93AC-A9B29CFFB58B}.Debug|Any CPU.ActiveCfg = Debug|Any CPU
		{B17E34A1-E088-430C-93AC-A9B29CFFB58B}.Debug|Any CPU.Build.0 = Debug|Any CPU
		{B17E34A1-E088-430C-93AC-A9B29CFFB58B}.Release|Any CPU.ActiveCfg = Release|Any CPU
		{B17E34A1-E088-430C-93AC-A9B29CFFB58B}.Release|Any CPU.Build.0 = Release|Any CPU
		{82D7D5E2-C229-4278-9ECD-CF19FB6A7D6B}.Debug|Any CPU.ActiveCfg = Debug|Any CPU
		{82D7D5E2-C229-4278-9ECD-CF19FB6A7D6B}.Debug|Any CPU.Build.0 = Debug|Any CPU
		{82D7D5E2-C229-4278-9ECD-CF19FB6A7D6B}.Release|Any CPU.ActiveCfg = Release|Any CPU
		{82D7D5E2-C229-4278-9ECD-CF19FB6A7D6B}.Release|Any CPU.Build.0 = Release|Any CPU
		{1F603705-9EE7-4BF8-81CE-4849E7A2935D}.Debug|Any CPU.ActiveCfg = Debug|Any CPU
		{1F603705-9EE7-4BF8-81CE-4849E7A2935D}.Debug|Any CPU.Build.0 = Debug|Any CPU
		{1F603705-9EE7-4BF8-81CE-4849E7A2935D}.Release|Any CPU.ActiveCfg = Release|Any CPU
		{1F603705-9EE7-4BF8-81CE-4849E7A2935D}.Release|Any CPU.Build.0 = Release|Any CPU
		{9BA99D19-3BBF-4118-B2D6-75AE0A97A99B}.Debug|Any CPU.ActiveCfg = Debug|Any CPU
		{9BA99D19-3BBF-4118-B2D6-75AE0A97A99B}.Debug|Any CPU.Build.0 = Debug|Any CPU
		{9BA99D19-3BBF-4118-B2D6-75AE0A97A99B}.Release|Any CPU.ActiveCfg = Release|Any CPU
		{9BA99D19-3BBF-4118-B2D6-75AE0A97A99B}.Release|Any CPU.Build.0 = Release|Any CPU
		{0A8855AE-826D-465D-A2CE-BBA96E244581}.Debug|Any CPU.ActiveCfg = Debug|Any CPU
		{0A8855AE-826D-465D-A2CE-BBA96E244581}.Debug|Any CPU.Build.0 = Debug|Any CPU
		{0A8855AE-826D-465D-A2CE-BBA96E244581}.Release|Any CPU.ActiveCfg = Release|Any CPU
		{0A8855AE-826D-465D-A2CE-BBA96E244581}.Release|Any CPU.Build.0 = Release|Any CPU
		{C97955C0-B4CE-4E3A-8B41-7374A1479106}.Debug|Any CPU.ActiveCfg = Debug|Any CPU
		{C97955C0-B4CE-4E3A-8B41-7374A1479106}.Debug|Any CPU.Build.0 = Debug|Any CPU
		{C97955C0-B4CE-4E3A-8B41-7374A1479106}.Release|Any CPU.ActiveCfg = Release|Any CPU
		{C97955C0-B4CE-4E3A-8B41-7374A1479106}.Release|Any CPU.Build.0 = Release|Any CPU
		{1883EC99-FFC1-4EB3-9F86-3BA9268653DA}.Debug|Any CPU.ActiveCfg = Debug|Any CPU
		{1883EC99-FFC1-4EB3-9F86-3BA9268653DA}.Debug|Any CPU.Build.0 = Debug|Any CPU
		{1883EC99-FFC1-4EB3-9F86-3BA9268653DA}.Release|Any CPU.ActiveCfg = Release|Any CPU
		{1883EC99-FFC1-4EB3-9F86-3BA9268653DA}.Release|Any CPU.Build.0 = Release|Any CPU
		{EE8A320B-4D0D-4D83-BB73-30C22D68BF48}.Debug|Any CPU.ActiveCfg = Debug|Any CPU
		{EE8A320B-4D0D-4D83-BB73-30C22D68BF48}.Debug|Any CPU.Build.0 = Debug|Any CPU
		{EE8A320B-4D0D-4D83-BB73-30C22D68BF48}.Release|Any CPU.ActiveCfg = Release|Any CPU
		{EE8A320B-4D0D-4D83-BB73-30C22D68BF48}.Release|Any CPU.Build.0 = Release|Any CPU
		{5B9163C9-5959-4B48-A322-3F14449E73E7}.Debug|Any CPU.ActiveCfg = Debug|Any CPU
		{5B9163C9-5959-4B48-A322-3F14449E73E7}.Debug|Any CPU.Build.0 = Debug|Any CPU
		{5B9163C9-5959-4B48-A322-3F14449E73E7}.Release|Any CPU.ActiveCfg = Release|Any CPU
		{5B9163C9-5959-4B48-A322-3F14449E73E7}.Release|Any CPU.Build.0 = Release|Any CPU
		{824335BB-1C45-4A97-AB35-53B9ECB0A905}.Debug|Any CPU.ActiveCfg = Debug|Any CPU
		{824335BB-1C45-4A97-AB35-53B9ECB0A905}.Debug|Any CPU.Build.0 = Debug|Any CPU
		{824335BB-1C45-4A97-AB35-53B9ECB0A905}.Release|Any CPU.ActiveCfg = Release|Any CPU
		{824335BB-1C45-4A97-AB35-53B9ECB0A905}.Release|Any CPU.Build.0 = Release|Any CPU
		{9354108B-81FC-4F1E-BFB9-D1CC0ED76A1E}.Debug|Any CPU.ActiveCfg = Debug|Any CPU
		{9354108B-81FC-4F1E-BFB9-D1CC0ED76A1E}.Debug|Any CPU.Build.0 = Debug|Any CPU
		{9354108B-81FC-4F1E-BFB9-D1CC0ED76A1E}.Release|Any CPU.ActiveCfg = Release|Any CPU
		{9354108B-81FC-4F1E-BFB9-D1CC0ED76A1E}.Release|Any CPU.Build.0 = Release|Any CPU
		{529232B1-0632-44F3-8B69-4EFA1F01806D}.Debug|Any CPU.ActiveCfg = Debug|Any CPU
		{529232B1-0632-44F3-8B69-4EFA1F01806D}.Debug|Any CPU.Build.0 = Debug|Any CPU
		{529232B1-0632-44F3-8B69-4EFA1F01806D}.Release|Any CPU.ActiveCfg = Release|Any CPU
		{529232B1-0632-44F3-8B69-4EFA1F01806D}.Release|Any CPU.Build.0 = Release|Any CPU
		{F0425300-2AE2-4F22-B8B8-E2E9FDAD8F37}.Debug|Any CPU.ActiveCfg = Debug|Any CPU
		{F0425300-2AE2-4F22-B8B8-E2E9FDAD8F37}.Debug|Any CPU.Build.0 = Debug|Any CPU
		{F0425300-2AE2-4F22-B8B8-E2E9FDAD8F37}.Release|Any CPU.ActiveCfg = Release|Any CPU
		{F0425300-2AE2-4F22-B8B8-E2E9FDAD8F37}.Release|Any CPU.Build.0 = Release|Any CPU
		{8622C5D2-F36A-48F1-B784-8EBD8D8365AE}.Debug|Any CPU.ActiveCfg = Debug|Any CPU
		{8622C5D2-F36A-48F1-B784-8EBD8D8365AE}.Debug|Any CPU.Build.0 = Debug|Any CPU
		{8622C5D2-F36A-48F1-B784-8EBD8D8365AE}.Release|Any CPU.ActiveCfg = Release|Any CPU
		{8622C5D2-F36A-48F1-B784-8EBD8D8365AE}.Release|Any CPU.Build.0 = Release|Any CPU
	EndGlobalSection
EndGlobal
